
Microsoft Visual Studio Solution File, Format Version 12.00
# Visual Studio 2013
VisualStudioVersion = 12.0.31101.0
MinimumVisualStudioVersion = 10.0.40219.1
Project("{FAE04EC0-301F-11D3-BF4B-00C04F79EFBC}") = "ContactTracing.CaseView", "ContactTracing.CaseView\ContactTracing.CaseView.csproj", "{A7603CE7-0794-4A07-A812-A81BE0875C17}"
	ProjectSection(ProjectDependencies) = postProject
		{6B299C88-1893-42B9-96E3-047D9526D66A} = {6B299C88-1893-42B9-96E3-047D9526D66A}
	EndProjectSection
EndProject
Project("{FAE04EC0-301F-11D3-BF4B-00C04F79EFBC}") = "ContactTracing.LabView", "ContactTracing.LabView\ContactTracing.LabView.csproj", "{B7FFE8B5-36AD-4BD7-9A29-589E4A76C208}"
EndProject
Project("{FAE04EC0-301F-11D3-BF4B-00C04F79EFBC}") = "ContactTracing.ImportExport", "ContactTracing.ImportExport\ContactTracing.ImportExport.csproj", "{D6F4EFA6-8C20-40E6-A5CA-D0593C10A76B}"
EndProject
Project("{FAE04EC0-301F-11D3-BF4B-00C04F79EFBC}") = "ContactTracing.Core", "ContactTracing.Core\ContactTracing.Core.csproj", "{158089EC-551A-47BC-B01C-8EFD0EF39DD1}"
EndProject
Project("{FAE04EC0-301F-11D3-BF4B-00C04F79EFBC}") = "ContactTracing.ViewModel", "ContactTracing.ViewModel\ContactTracing.ViewModel.csproj", "{C3527B8D-41F3-40E6-BE4C-C18E3A3D235F}"
EndProject
Project("{FAE04EC0-301F-11D3-BF4B-00C04F79EFBC}") = "ContactTracing.WPF", "ContactTracing.WPF\ContactTracing.WPF.csproj", "{6ED26BDA-3F09-4D34-AAEA-8080E932B73D}"
EndProject
Project("{FAE04EC0-301F-11D3-BF4B-00C04F79EFBC}") = "ContactTracing.Sms", "ContactTracing.Sms\ContactTracing.Sms.csproj", "{AA21413A-E1BA-49B2-9FFB-76E64C16F71A}"
EndProject
Project("{2150E333-8FDC-42A3-9474-1A3956D46DE8}") = "ContactTracing.Utilities", "ContactTracing.Utilities", "{902B7306-94B6-43CB-B845-BCEA17ADB97C}"
EndProject
Project("{FAE04EC0-301F-11D3-BF4B-00C04F79EFBC}") = "ContactTracing.SqlToMdbCopier", "ContactTracing.SqlToMdbCopier\ContactTracing.SqlToMdbCopier.csproj", "{FD349F58-F34E-44A9-B32A-8783376154D6}"
EndProject
Project("{FAE04EC0-301F-11D3-BF4B-00C04F79EFBC}") = "ContactTracing.SyncFileViewer", "ContactTracing.SyncFileViewer\ContactTracing.SyncFileViewer.csproj", "{E1C4091C-0EF1-4CB9-9879-AF1B254AA653}"
EndProject
Project("{FAE04EC0-301F-11D3-BF4B-00C04F79EFBC}") = "EncryptDecrypt", "EncryptDecrypt\EncryptDecrypt.csproj", "{63ECBAF2-0D79-4BEB-8801-A51ABA53B00F}"
EndProject
Project("{FAE04EC0-301F-11D3-BF4B-00C04F79EFBC}") = "LaunchCaseManagement", "LaunchCaseManagement\LaunchCaseManagement.csproj", "{6B299C88-1893-42B9-96E3-047D9526D66A}"
EndProject
Project("{2150E333-8FDC-42A3-9474-1A3956D46DE8}") = "Solution Items", "Solution Items", "{DAC92404-1FFF-45AD-9573-EA9C69208A1D}"
	ProjectSection(SolutionItems) = preProject
		scripts\postBuild.bat = scripts\postBuild.bat
	EndProjectSection
EndProject
Global
	GlobalSection(TeamFoundationVersionControl) = preSolution
		SccNumberOfProjects = 12
		SccEnterpriseProvider = {4CA58AB2-18FA-4F8D-95D4-32DDF27D184C}
		SccTeamFoundationServer = https://tfs.codeplex.com/tfs/tfs04
		SccLocalPath0 = .
		SccProjectUniqueName1 = ContactTracing.CaseView\\ContactTracing.CaseView.csproj
		SccProjectName1 = ContactTracing.CaseView
		SccLocalPath1 = ContactTracing.CaseView
		SccProjectUniqueName2 = ContactTracing.Core\\ContactTracing.Core.csproj
		SccProjectName2 = ContactTracing.Core
		SccLocalPath2 = ContactTracing.Core
		SccProjectUniqueName3 = ContactTracing.ImportExport\\ContactTracing.ImportExport.csproj
		SccProjectName3 = ContactTracing.ImportExport
		SccLocalPath3 = ContactTracing.ImportExport
		SccProjectUniqueName4 = ContactTracing.LabView\\ContactTracing.LabView.csproj
		SccProjectName4 = ContactTracing.LabView
		SccLocalPath4 = ContactTracing.LabView
		SccProjectUniqueName5 = ContactTracing.ViewModel\\ContactTracing.ViewModel.csproj
		SccProjectName5 = ContactTracing.ViewModel
		SccLocalPath5 = ContactTracing.ViewModel
		SccProjectUniqueName6 = ContactTracing.WPF\\ContactTracing.WPF.csproj
		SccProjectName6 = ContactTracing.WPF
		SccLocalPath6 = ContactTracing.WPF
		SccProjectUniqueName7 = ContactTracing.Sms\\ContactTracing.Sms.csproj
		SccProjectName7 = ContactTracing.Sms
		SccLocalPath7 = ContactTracing.Sms
		SccProjectUniqueName8 = ContactTracing.SqlToMdbCopier\\ContactTracing.SqlToMdbCopier.csproj
		SccProjectTopLevelParentUniqueName8 = EpiInfoVHF.sln
		SccProjectName8 = ContactTracing.SqlToMdbCopier
		SccLocalPath8 = ContactTracing.SqlToMdbCopier
		SccProjectUniqueName9 = ContactTracing.SyncFileViewer\\ContactTracing.SyncFileViewer.csproj
		SccProjectTopLevelParentUniqueName9 = EpiInfoVHF.sln
		SccProjectName9 = ContactTracing.SyncFileViewer
		SccLocalPath9 = ContactTracing.SyncFileViewer
		SccProjectUniqueName10 = EncryptDecrypt\\EncryptDecrypt.csproj
		SccProjectTopLevelParentUniqueName10 = EpiInfoVHF.sln
		SccProjectName10 = EncryptDecrypt
		SccLocalPath10 = EncryptDecrypt
		SccProjectUniqueName11 = LaunchCaseManagement\\LaunchCaseManagement.csproj
		SccProjectName11 = LaunchCaseManagement
		SccLocalPath11 = LaunchCaseManagement
	EndGlobalSection
	GlobalSection(SolutionConfigurationPlatforms) = preSolution
		Debug|Any CPU = Debug|Any CPU
		Debug|Mixed Platforms = Debug|Mixed Platforms
		Debug|x64 = Debug|x64
		Debug|x86 = Debug|x86
		Release|Any CPU = Release|Any CPU
		Release|Mixed Platforms = Release|Mixed Platforms
		Release|x64 = Release|x64
		Release|x86 = Release|x86
	EndGlobalSection
	GlobalSection(ProjectConfigurationPlatforms) = postSolution
		{A7603CE7-0794-4A07-A812-A81BE0875C17}.Debug|Any CPU.ActiveCfg = Debug|x86
		{A7603CE7-0794-4A07-A812-A81BE0875C17}.Debug|Any CPU.Build.0 = Debug|x86
		{A7603CE7-0794-4A07-A812-A81BE0875C17}.Debug|Mixed Platforms.ActiveCfg = Debug|x86
		{A7603CE7-0794-4A07-A812-A81BE0875C17}.Debug|Mixed Platforms.Build.0 = Debug|x86
		{A7603CE7-0794-4A07-A812-A81BE0875C17}.Debug|x64.ActiveCfg = Debug|x86
		{A7603CE7-0794-4A07-A812-A81BE0875C17}.Debug|x86.ActiveCfg = Debug|x86
		{A7603CE7-0794-4A07-A812-A81BE0875C17}.Debug|x86.Build.0 = Debug|x86
		{A7603CE7-0794-4A07-A812-A81BE0875C17}.Release|Any CPU.ActiveCfg = Release|x86
		{A7603CE7-0794-4A07-A812-A81BE0875C17}.Release|Any CPU.Build.0 = Release|x86
		{A7603CE7-0794-4A07-A812-A81BE0875C17}.Release|Mixed Platforms.ActiveCfg = Release|x86
		{A7603CE7-0794-4A07-A812-A81BE0875C17}.Release|Mixed Platforms.Build.0 = Release|x86
		{A7603CE7-0794-4A07-A812-A81BE0875C17}.Release|x64.ActiveCfg = Release|x86
		{A7603CE7-0794-4A07-A812-A81BE0875C17}.Release|x86.ActiveCfg = Release|x86
		{A7603CE7-0794-4A07-A812-A81BE0875C17}.Release|x86.Build.0 = Release|x86
		{B7FFE8B5-36AD-4BD7-9A29-589E4A76C208}.Debug|Any CPU.ActiveCfg = Debug|x86
		{B7FFE8B5-36AD-4BD7-9A29-589E4A76C208}.Debug|Any CPU.Build.0 = Debug|x86
		{B7FFE8B5-36AD-4BD7-9A29-589E4A76C208}.Debug|Mixed Platforms.ActiveCfg = Debug|x86
		{B7FFE8B5-36AD-4BD7-9A29-589E4A76C208}.Debug|Mixed Platforms.Build.0 = Debug|x86
		{B7FFE8B5-36AD-4BD7-9A29-589E4A76C208}.Debug|x64.ActiveCfg = Debug|x86
		{B7FFE8B5-36AD-4BD7-9A29-589E4A76C208}.Debug|x86.ActiveCfg = Debug|x86
		{B7FFE8B5-36AD-4BD7-9A29-589E4A76C208}.Debug|x86.Build.0 = Debug|x86
		{B7FFE8B5-36AD-4BD7-9A29-589E4A76C208}.Release|Any CPU.ActiveCfg = Release|x86
		{B7FFE8B5-36AD-4BD7-9A29-589E4A76C208}.Release|Mixed Platforms.ActiveCfg = Release|x86
		{B7FFE8B5-36AD-4BD7-9A29-589E4A76C208}.Release|Mixed Platforms.Build.0 = Release|x86
		{B7FFE8B5-36AD-4BD7-9A29-589E4A76C208}.Release|x64.ActiveCfg = Release|x86
		{B7FFE8B5-36AD-4BD7-9A29-589E4A76C208}.Release|x86.ActiveCfg = Release|x86
		{B7FFE8B5-36AD-4BD7-9A29-589E4A76C208}.Release|x86.Build.0 = Release|x86
		{D6F4EFA6-8C20-40E6-A5CA-D0593C10A76B}.Debug|Any CPU.ActiveCfg = Debug|Any CPU
		{D6F4EFA6-8C20-40E6-A5CA-D0593C10A76B}.Debug|Any CPU.Build.0 = Debug|Any CPU
		{D6F4EFA6-8C20-40E6-A5CA-D0593C10A76B}.Debug|Mixed Platforms.ActiveCfg = Debug|Any CPU
		{D6F4EFA6-8C20-40E6-A5CA-D0593C10A76B}.Debug|Mixed Platforms.Build.0 = Debug|Any CPU
		{D6F4EFA6-8C20-40E6-A5CA-D0593C10A76B}.Debug|x64.ActiveCfg = Debug|Any CPU
		{D6F4EFA6-8C20-40E6-A5CA-D0593C10A76B}.Debug|x86.ActiveCfg = Debug|Any CPU
		{D6F4EFA6-8C20-40E6-A5CA-D0593C10A76B}.Debug|x86.Build.0 = Debug|Any CPU
		{D6F4EFA6-8C20-40E6-A5CA-D0593C10A76B}.Release|Any CPU.ActiveCfg = Release|Any CPU
		{D6F4EFA6-8C20-40E6-A5CA-D0593C10A76B}.Release|Any CPU.Build.0 = Release|Any CPU
		{D6F4EFA6-8C20-40E6-A5CA-D0593C10A76B}.Release|Mixed Platforms.ActiveCfg = Release|Any CPU
		{D6F4EFA6-8C20-40E6-A5CA-D0593C10A76B}.Release|Mixed Platforms.Build.0 = Release|Any CPU
		{D6F4EFA6-8C20-40E6-A5CA-D0593C10A76B}.Release|x64.ActiveCfg = Release|Any CPU
		{D6F4EFA6-8C20-40E6-A5CA-D0593C10A76B}.Release|x86.ActiveCfg = Release|Any CPU
		{D6F4EFA6-8C20-40E6-A5CA-D0593C10A76B}.Release|x86.Build.0 = Release|Any CPU
		{158089EC-551A-47BC-B01C-8EFD0EF39DD1}.Debug|Any CPU.ActiveCfg = Debug|Any CPU
		{158089EC-551A-47BC-B01C-8EFD0EF39DD1}.Debug|Any CPU.Build.0 = Debug|Any CPU
		{158089EC-551A-47BC-B01C-8EFD0EF39DD1}.Debug|Mixed Platforms.ActiveCfg = Debug|Any CPU
		{158089EC-551A-47BC-B01C-8EFD0EF39DD1}.Debug|Mixed Platforms.Build.0 = Debug|Any CPU
		{158089EC-551A-47BC-B01C-8EFD0EF39DD1}.Debug|x64.ActiveCfg = Debug|Any CPU
		{158089EC-551A-47BC-B01C-8EFD0EF39DD1}.Debug|x86.ActiveCfg = Debug|Any CPU
		{158089EC-551A-47BC-B01C-8EFD0EF39DD1}.Debug|x86.Build.0 = Debug|Any CPU
		{158089EC-551A-47BC-B01C-8EFD0EF39DD1}.Release|Any CPU.ActiveCfg = Release|Any CPU
		{158089EC-551A-47BC-B01C-8EFD0EF39DD1}.Release|Any CPU.Build.0 = Release|Any CPU
		{158089EC-551A-47BC-B01C-8EFD0EF39DD1}.Release|Mixed Platforms.ActiveCfg = Release|Any CPU
		{158089EC-551A-47BC-B01C-8EFD0EF39DD1}.Release|Mixed Platforms.Build.0 = Release|Any CPU
		{158089EC-551A-47BC-B01C-8EFD0EF39DD1}.Release|x64.ActiveCfg = Release|Any CPU
		{158089EC-551A-47BC-B01C-8EFD0EF39DD1}.Release|x86.ActiveCfg = Release|Any CPU
		{158089EC-551A-47BC-B01C-8EFD0EF39DD1}.Release|x86.Build.0 = Release|Any CPU
		{C3527B8D-41F3-40E6-BE4C-C18E3A3D235F}.Debug|Any CPU.ActiveCfg = Debug|Any CPU
		{C3527B8D-41F3-40E6-BE4C-C18E3A3D235F}.Debug|Any CPU.Build.0 = Debug|Any CPU
		{C3527B8D-41F3-40E6-BE4C-C18E3A3D235F}.Debug|Mixed Platforms.ActiveCfg = Debug|Any CPU
		{C3527B8D-41F3-40E6-BE4C-C18E3A3D235F}.Debug|Mixed Platforms.Build.0 = Debug|Any CPU
		{C3527B8D-41F3-40E6-BE4C-C18E3A3D235F}.Debug|x64.ActiveCfg = Debug|Any CPU
		{C3527B8D-41F3-40E6-BE4C-C18E3A3D235F}.Debug|x86.ActiveCfg = Debug|Any CPU
		{C3527B8D-41F3-40E6-BE4C-C18E3A3D235F}.Debug|x86.Build.0 = Debug|Any CPU
		{C3527B8D-41F3-40E6-BE4C-C18E3A3D235F}.Release|Any CPU.ActiveCfg = Release|Any CPU
		{C3527B8D-41F3-40E6-BE4C-C18E3A3D235F}.Release|Any CPU.Build.0 = Release|Any CPU
		{C3527B8D-41F3-40E6-BE4C-C18E3A3D235F}.Release|Mixed Platforms.ActiveCfg = Release|Any CPU
		{C3527B8D-41F3-40E6-BE4C-C18E3A3D235F}.Release|Mixed Platforms.Build.0 = Release|Any CPU
		{C3527B8D-41F3-40E6-BE4C-C18E3A3D235F}.Release|x64.ActiveCfg = Release|Any CPU
		{C3527B8D-41F3-40E6-BE4C-C18E3A3D235F}.Release|x86.ActiveCfg = Release|Any CPU
		{C3527B8D-41F3-40E6-BE4C-C18E3A3D235F}.Release|x86.Build.0 = Release|Any CPU
		{6ED26BDA-3F09-4D34-AAEA-8080E932B73D}.Debug|Any CPU.ActiveCfg = Debug|Any CPU
		{6ED26BDA-3F09-4D34-AAEA-8080E932B73D}.Debug|Any CPU.Build.0 = Debug|Any CPU
		{6ED26BDA-3F09-4D34-AAEA-8080E932B73D}.Debug|Mixed Platforms.ActiveCfg = Debug|Any CPU
		{6ED26BDA-3F09-4D34-AAEA-8080E932B73D}.Debug|Mixed Platforms.Build.0 = Debug|Any CPU
		{6ED26BDA-3F09-4D34-AAEA-8080E932B73D}.Debug|x64.ActiveCfg = Debug|Any CPU
		{6ED26BDA-3F09-4D34-AAEA-8080E932B73D}.Debug|x86.ActiveCfg = Debug|Any CPU
		{6ED26BDA-3F09-4D34-AAEA-8080E932B73D}.Debug|x86.Build.0 = Debug|Any CPU
		{6ED26BDA-3F09-4D34-AAEA-8080E932B73D}.Release|Any CPU.ActiveCfg = Release|Any CPU
		{6ED26BDA-3F09-4D34-AAEA-8080E932B73D}.Release|Any CPU.Build.0 = Release|Any CPU
		{6ED26BDA-3F09-4D34-AAEA-8080E932B73D}.Release|Mixed Platforms.ActiveCfg = Release|Any CPU
		{6ED26BDA-3F09-4D34-AAEA-8080E932B73D}.Release|Mixed Platforms.Build.0 = Release|Any CPU
		{6ED26BDA-3F09-4D34-AAEA-8080E932B73D}.Release|x64.ActiveCfg = Release|Any CPU
		{6ED26BDA-3F09-4D34-AAEA-8080E932B73D}.Release|x86.ActiveCfg = Release|Any CPU
		{6ED26BDA-3F09-4D34-AAEA-8080E932B73D}.Release|x86.Build.0 = Release|Any CPU
		{AA21413A-E1BA-49B2-9FFB-76E64C16F71A}.Debug|Any CPU.ActiveCfg = Debug|Any CPU
		{AA21413A-E1BA-49B2-9FFB-76E64C16F71A}.Debug|Any CPU.Build.0 = Debug|Any CPU
		{AA21413A-E1BA-49B2-9FFB-76E64C16F71A}.Debug|Mixed Platforms.ActiveCfg = Debug|Any CPU
		{AA21413A-E1BA-49B2-9FFB-76E64C16F71A}.Debug|Mixed Platforms.Build.0 = Debug|Any CPU
		{AA21413A-E1BA-49B2-9FFB-76E64C16F71A}.Debug|x64.ActiveCfg = Debug|Any CPU
		{AA21413A-E1BA-49B2-9FFB-76E64C16F71A}.Debug|x86.ActiveCfg = Debug|Any CPU
		{AA21413A-E1BA-49B2-9FFB-76E64C16F71A}.Debug|x86.Build.0 = Debug|Any CPU
		{AA21413A-E1BA-49B2-9FFB-76E64C16F71A}.Release|Any CPU.ActiveCfg = Release|Any CPU
		{AA21413A-E1BA-49B2-9FFB-76E64C16F71A}.Release|Any CPU.Build.0 = Release|Any CPU
		{AA21413A-E1BA-49B2-9FFB-76E64C16F71A}.Release|Mixed Platforms.ActiveCfg = Release|Any CPU
		{AA21413A-E1BA-49B2-9FFB-76E64C16F71A}.Release|Mixed Platforms.Build.0 = Release|Any CPU
		{AA21413A-E1BA-49B2-9FFB-76E64C16F71A}.Release|x64.ActiveCfg = Release|Any CPU
		{AA21413A-E1BA-49B2-9FFB-76E64C16F71A}.Release|x86.ActiveCfg = Release|Any CPU
		{AA21413A-E1BA-49B2-9FFB-76E64C16F71A}.Release|x86.Build.0 = Release|Any CPU
		{FD349F58-F34E-44A9-B32A-8783376154D6}.Debug|Any CPU.ActiveCfg = Debug|Any CPU
		{FD349F58-F34E-44A9-B32A-8783376154D6}.Debug|Mixed Platforms.ActiveCfg = Debug|Any CPU
		{FD349F58-F34E-44A9-B32A-8783376154D6}.Debug|Mixed Platforms.Build.0 = Debug|Any CPU
		{FD349F58-F34E-44A9-B32A-8783376154D6}.Debug|x64.ActiveCfg = Debug|Any CPU
		{FD349F58-F34E-44A9-B32A-8783376154D6}.Debug|x86.ActiveCfg = Debug|Any CPU
		{FD349F58-F34E-44A9-B32A-8783376154D6}.Release|Any CPU.ActiveCfg = Release|Any CPU
		{FD349F58-F34E-44A9-B32A-8783376154D6}.Release|Any CPU.Build.0 = Release|Any CPU
		{FD349F58-F34E-44A9-B32A-8783376154D6}.Release|Mixed Platforms.ActiveCfg = Release|Any CPU
		{FD349F58-F34E-44A9-B32A-8783376154D6}.Release|Mixed Platforms.Build.0 = Release|Any CPU
		{FD349F58-F34E-44A9-B32A-8783376154D6}.Release|x64.ActiveCfg = Release|Any CPU
		{FD349F58-F34E-44A9-B32A-8783376154D6}.Release|x86.ActiveCfg = Release|Any CPU
		{E1C4091C-0EF1-4CB9-9879-AF1B254AA653}.Debug|Any CPU.ActiveCfg = Debug|Any CPU
		{E1C4091C-0EF1-4CB9-9879-AF1B254AA653}.Debug|Any CPU.Build.0 = Debug|Any CPU
		{E1C4091C-0EF1-4CB9-9879-AF1B254AA653}.Debug|Mixed Platforms.ActiveCfg = Debug|Any CPU
		{E1C4091C-0EF1-4CB9-9879-AF1B254AA653}.Debug|Mixed Platforms.Build.0 = Debug|Any CPU
		{E1C4091C-0EF1-4CB9-9879-AF1B254AA653}.Debug|x64.ActiveCfg = Debug|x64
		{E1C4091C-0EF1-4CB9-9879-AF1B254AA653}.Debug|x64.Build.0 = Debug|x64
		{E1C4091C-0EF1-4CB9-9879-AF1B254AA653}.Debug|x86.ActiveCfg = Debug|Any CPU
		{E1C4091C-0EF1-4CB9-9879-AF1B254AA653}.Debug|x86.Build.0 = Debug|Any CPU
		{E1C4091C-0EF1-4CB9-9879-AF1B254AA653}.Release|Any CPU.ActiveCfg = Release|Any CPU
		{E1C4091C-0EF1-4CB9-9879-AF1B254AA653}.Release|Mixed Platforms.ActiveCfg = Release|Any CPU
		{E1C4091C-0EF1-4CB9-9879-AF1B254AA653}.Release|Mixed Platforms.Build.0 = Release|Any CPU
		{E1C4091C-0EF1-4CB9-9879-AF1B254AA653}.Release|x64.ActiveCfg = Release|x64
		{E1C4091C-0EF1-4CB9-9879-AF1B254AA653}.Release|x64.Build.0 = Release|x64
		{E1C4091C-0EF1-4CB9-9879-AF1B254AA653}.Release|x86.ActiveCfg = Release|Any CPU
		{E1C4091C-0EF1-4CB9-9879-AF1B254AA653}.Release|x86.Build.0 = Release|Any CPU
		{63ECBAF2-0D79-4BEB-8801-A51ABA53B00F}.Debug|Any CPU.ActiveCfg = Debug|Any CPU
		{63ECBAF2-0D79-4BEB-8801-A51ABA53B00F}.Debug|Mixed Platforms.ActiveCfg = Debug|Any CPU
		{63ECBAF2-0D79-4BEB-8801-A51ABA53B00F}.Debug|x64.ActiveCfg = Debug|Any CPU
		{63ECBAF2-0D79-4BEB-8801-A51ABA53B00F}.Debug|x86.ActiveCfg = Debug|Any CPU
		{63ECBAF2-0D79-4BEB-8801-A51ABA53B00F}.Release|Any CPU.ActiveCfg = Release|Any CPU
		{63ECBAF2-0D79-4BEB-8801-A51ABA53B00F}.Release|Mixed Platforms.ActiveCfg = Release|Any CPU
		{63ECBAF2-0D79-4BEB-8801-A51ABA53B00F}.Release|x64.ActiveCfg = Release|Any CPU
		{63ECBAF2-0D79-4BEB-8801-A51ABA53B00F}.Release|x86.ActiveCfg = Release|Any CPU
		{6B299C88-1893-42B9-96E3-047D9526D66A}.Debug|Any CPU.ActiveCfg = Debug|Any CPU
		{6B299C88-1893-42B9-96E3-047D9526D66A}.Debug|Any CPU.Build.0 = Debug|Any CPU
		{6B299C88-1893-42B9-96E3-047D9526D66A}.Debug|Mixed Platforms.ActiveCfg = Debug|Any CPU
		{6B299C88-1893-42B9-96E3-047D9526D66A}.Debug|Mixed Platforms.Build.0 = Debug|Any CPU
		{6B299C88-1893-42B9-96E3-047D9526D66A}.Debug|x64.ActiveCfg = Debug|Any CPU
		{6B299C88-1893-42B9-96E3-047D9526D66A}.Debug|x86.ActiveCfg = Debug|Any CPU
		{6B299C88-1893-42B9-96E3-047D9526D66A}.Release|Any CPU.ActiveCfg = Release|Any CPU
		{6B299C88-1893-42B9-96E3-047D9526D66A}.Release|Any CPU.Build.0 = Release|Any CPU
		{6B299C88-1893-42B9-96E3-047D9526D66A}.Release|Mixed Platforms.ActiveCfg = Release|Any CPU
		{6B299C88-1893-42B9-96E3-047D9526D66A}.Release|Mixed Platforms.Build.0 = Release|Any CPU
		{6B299C88-1893-42B9-96E3-047D9526D66A}.Release|x64.ActiveCfg = Release|Any CPU
		{6B299C88-1893-42B9-96E3-047D9526D66A}.Release|x86.ActiveCfg = Release|Any CPU
	EndGlobalSection
	GlobalSection(SolutionProperties) = preSolution
		HideSolutionNode = FALSE
	EndGlobalSection
	GlobalSection(NestedProjects) = preSolution
		{FD349F58-F34E-44A9-B32A-8783376154D6} = {902B7306-94B6-43CB-B845-BCEA17ADB97C}
		{E1C4091C-0EF1-4CB9-9879-AF1B254AA653} = {902B7306-94B6-43CB-B845-BCEA17ADB97C}
		{63ECBAF2-0D79-4BEB-8801-A51ABA53B00F} = {902B7306-94B6-43CB-B845-BCEA17ADB97C}
	EndGlobalSection
EndGlobal
